{
  "name": "react-native-easy-router",
  "version": "2.6.2",
  "lockfileVersion": 1,
  "requires": true,
  "dependencies": {
    "react-native-swipe-gestures": {
      "version": "1.0.3",
      "resolved": "https://registry.npmjs.org/react-native-swipe-gestures/-/react-native-swipe-gestures-1.0.3.tgz",
      "integrity": "sha512-KOouRzPB2fHFjVombsSdRfYo8SFeNVa4Ho4B5il87DuuF26sPNOtb3je+qaT/xVptedOsCzRPJGbWFMsaBApgg=="
    }
  }
}
